
Microsoft Visual Studio Solution File, Format Version 12.00
# Visual Studio Version 17
VisualStudioVersion = 17.11.35222.181
MinimumVisualStudioVersion = 10.0.40219.1
Project("{FAE04EC0-301F-11D3-BF4B-00C04F79EFBC}") = "PostCommentAPI", "PostCommentAPI\PostCommentAPI.csproj", "{0DD44D10-DA4B-47E8-B0F6-7B39E78AB74D}"
EndProject
Global
	GlobalSection(SolutionConfigurationPlatforms) = preSolution
		Debug|Any CPU = Debug|Any CPU
		Release|Any CPU = Release|Any CPU
	EndGlobalSection
	GlobalSection(ProjectConfigurationPlatforms) = postSolution
		{0DD44D10-DA4B-47E8-B0F6-7B39E78AB74D}.Debug|Any CPU.ActiveCfg = Debug|Any CPU
		{0DD44D10-DA4B-47E8-B0F6-7B39E78AB74D}.Debug|Any CPU.Build.0 = Debug|Any CPU
		{0DD44D10-DA4B-47E8-B0F6-7B39E78AB74D}.Release|Any CPU.ActiveCfg = Release|Any CPU
		{0DD44D10-DA4B-47E8-B0F6-7B39E78AB74D}.Release|Any CPU.Build.0 = Release|Any CPU
	EndGlobalSection
	GlobalSection(SolutionProperties) = preSolution
		HideSolutionNode = FALSE
	EndGlobalSection
	GlobalSection(ExtensibilityGlobals) = postSolution
		SolutionGuid = {458F16FE-1AD0-4766-A170-748C71FBB31B}
	EndGlobalSection
EndGlobal
